// !$*UTF8*$!
{
	archiveVersion = 1;
	classes = {
	};
	objectVersion = 46;
	objects = {

/* Begin PBXBuildFile section */
		EF237B8B1AEEE621006E16C0 /* AppDelegate.swift in Sources */ = {isa = PBXBuildFile; fileRef = EF237B8A1AEEE621006E16C0 /* AppDelegate.swift */; };
		EF237B8D1AEEE621006E16C0 /* ViewController.swift in Sources */ = {isa = PBXBuildFile; fileRef = EF237B8C1AEEE621006E16C0 /* ViewController.swift */; };
		EF237B901AEEE621006E16C0 /* Main.storyboard in Resources */ = {isa = PBXBuildFile; fileRef = EF237B8E1AEEE621006E16C0 /* Main.storyboard */; };
		EF237B921AEEE622006E16C0 /* Images.xcassets in Resources */ = {isa = PBXBuildFile; fileRef = EF237B911AEEE622006E16C0 /* Images.xcassets */; };
		EF237B951AEEE622006E16C0 /* LaunchScreen.xib in Resources */ = {isa = PBXBuildFile; fileRef = EF237B931AEEE622006E16C0 /* LaunchScreen.xib */; };
		EF237BA11AEEE622006E16C0 /* oddEvenTests.swift in Sources */ = {isa = PBXBuildFile; fileRef = EF237BA01AEEE622006E16C0 /* oddEvenTests.swift */; };
		EF237BAB1AEFEBE2006E16C0 /* oddViewController.swift in Sources */ = {isa = PBXBuildFile; fileRef = EF237BAA1AEFEBE2006E16C0 /* oddViewController.swift */; };
		EF237BAD1AEFEBED006E16C0 /* evenViewController.swift in Sources */ = {isa = PBXBuildFile; fileRef = EF237BAC1AEFEBED006E16C0 /* evenViewController.swift */; };
		EF237BAF1AEFEBF6006E16C0 /* notViewController.swift in Sources */ = {isa = PBXBuildFile; fileRef = EF237BAE1AEFEBF6006E16C0 /* notViewController.swift */; };
		EFA38F6A1B068E5700C3EBEB /* aboutViewController.swift in Sources */ = {isa = PBXBuildFile; fileRef = EFA38F691B068E5700C3EBEB /* aboutViewController.swift */; };
/* End PBXBuildFile section */

/* Begin PBXContainerItemProxy section */
		EF237B9B1AEEE622006E16C0 /* PBXContainerItemProxy */ = {
			isa = PBXContainerItemProxy;
			containerPortal = EF237B7D1AEEE621006E16C0 /* Project object */;
			proxyType = 1;
			remoteGlobalIDString = EF237B841AEEE621006E16C0;
			remoteInfo = oddEven;
		};
/* End PBXContainerItemProxy section */

/* Begin PBXFileReference section */
		EF237B851AEEE621006E16C0 /* oddEven.app */ = {isa = PBXFileReference; explicitFileType = wrapper.application; includeInIndex = 0; path = oddEven.app; sourceTree = BUILT_PRODUCTS_DIR; };
		EF237B891AEEE621006E16C0 /* Info.plist */ = {isa = PBXFileReference; lastKnownFileType = text.plist.xml; path = Info.plist; sourceTree = "<group>"; };
		EF237B8A1AEEE621006E16C0 /* AppDelegate.swift */ = {isa = PBXFileReference; lastKnownFileType = sourcecode.swift; path = AppDelegate.swift; sourceTree = "<group>"; };
		EF237B8C1AEEE621006E16C0 /* ViewController.swift */ = {isa = PBXFileReference; lastKnownFileType = sourcecode.swift; path = ViewController.swift; sourceTree = "<group>"; };
		EF237B8F1AEEE621006E16C0 /* Base */ = {isa = PBXFileReference; lastKnownFileType = file.storyboard; name = Base; path = Base.lproj/Main.storyboard; sourceTree = "<group>"; };
		EF237B911AEEE622006E16C0 /* Images.xcassets */ = {isa = PBXFileReference; lastKnownFileType = folder.assetcatalog; path = Images.xcassets; sourceTree = "<group>"; };
		EF237B941AEEE622006E16C0 /* Base */ = {isa = PBXFileReference; lastKnownFileType = file.xib; name = Base; path = Base.lproj/LaunchScreen.xib; sourceTree = "<group>"; };
		EF237B9A1AEEE622006E16C0 /* oddEvenTests.xctest */ = {isa = PBXFileReference; explicitFileType = wrapper.cfbundle; includeInIndex = 0; path = oddEvenTests.xctest; sourceTree = BUILT_PRODUCTS_DIR; };
		EF237B9F1AEEE622006E16C0 /* Info.plist */ = {isa = PBXFileReference; lastKnownFileType = text.plist.xml; path = Info.plist; sourceTree = "<group>"; };
		EF237BA01AEEE622006E16C0 /* oddEvenTests.swift */ = {isa = PBXFileReference; lastKnownFileType = sourcecode.swift; path = oddEvenTests.swift; sourceTree = "<group>"; };
		EF237BAA1AEFEBE2006E16C0 /* oddViewController.swift */ = {isa = PBXFileReference; fileEncoding = 4; lastKnownFileType = sourcecode.swift; path = oddViewController.swift; sourceTree = "<group>"; };
		EF237BAC1AEFEBED006E16C0 /* evenViewController.swift */ = {isa = PBXFileReference; fileEncoding = 4; lastKnownFileType = sourcecode.swift; path = evenViewController.swift; sourceTree = "<group>"; };
		EF237BAE1AEFEBF6006E16C0 /* notViewController.swift */ = {isa = PBXFileReference; fileEncoding = 4; lastKnownFileType = sourcecode.swift; path = notViewController.swift; sourceTree = "<group>"; };
		EFA38F691B068E5700C3EBEB /* aboutViewController.swift */ = {isa = PBXFileReference; fileEncoding = 4; lastKnownFileType = sourcecode.swift; path = aboutViewController.swift; sourceTree = "<group>"; };
/* End PBXFileReference section */

/* Begin PBXFrameworksBuildPhase section */
		EF237B821AEEE621006E16C0 /* Frameworks */ = {
			isa = PBXFrameworksBuildPhase;
			buildActionMask = 2147483647;
			files = (
			);
			runOnlyForDeploymentPostprocessing = 0;
		};
		EF237B971AEEE622006E16C0 /* Frameworks */ = {
			isa = PBXFrameworksBuildPhase;
			buildActionMask = 2147483647;
			files = (
			);
			runOnlyForDeploymentPostprocessing = 0;
		};
/* End PBXFrameworksBuildPhase section */

/* Begin PBXGroup section */
		EF237B7C1AEEE621006E16C0 = {
			isa = PBXGroup;
			children = (
				EF237B871AEEE621006E16C0 /* oddEven */,
				EF237B9D1AEEE622006E16C0 /* oddEvenTests */,
				EF237B861AEEE621006E16C0 /* Products */,
			);
			sourceTree = "<group>";
		};
		EF237B861AEEE621006E16C0 /* Products */ = {
			isa = PBXGroup;
			children = (
				EF237B851AEEE621006E16C0 /* oddEven.app */,
				EF237B9A1AEEE622006E16C0 /* oddEvenTests.xctest */,
			);
			name = Products;
			sourceTree = "<group>";
		};
		EF237B871AEEE621006E16C0 /* oddEven */ = {
			isa = PBXGroup;
			children = (
				EF237B8A1AEEE621006E16C0 /* AppDelegate.swift */,
				EF237B8C1AEEE621006E16C0 /* ViewController.swift */,
				EF237B8E1AEEE621006E16C0 /* Main.storyboard */,
				EFA38F691B068E5700C3EBEB /* aboutViewController.swift */,
				EF237BAA1AEFEBE2006E16C0 /* oddViewController.swift */,
				EF237BAC1AEFEBED006E16C0 /* evenViewController.swift */,
				EF237BAE1AEFEBF6006E16C0 /* notViewController.swift */,
				EF237B911AEEE622006E16C0 /* Images.xcassets */,
				EF237B931AEEE622006E16C0 /* LaunchScreen.xib */,
				EF237B881AEEE621006E16C0 /* Supporting Files */,
			);
			path = oddEven;
			sourceTree = "<group>";
		};
		EF237B881AEEE621006E16C0 /* Supporting Files */ = {
			isa = PBXGroup;
			children = (
				EF237B891AEEE621006E16C0 /* Info.plist */,
			);
			name = "Supporting Files";
			sourceTree = "<group>";
		};
		EF237B9D1AEEE622006E16C0 /* oddEvenTests */ = {
			isa = PBXGroup;
			children = (
				EF237BA01AEEE622006E16C0 /* oddEvenTests.swift */,
				EF237B9E1AEEE622006E16C0 /* Supporting Files */,
			);
			path = oddEvenTests;
			sourceTree = "<group>";
		};
		EF237B9E1AEEE622006E16C0 /* Supporting Files */ = {
			isa = PBXGroup;
			children = (
				EF237B9F1AEEE622006E16C0 /* Info.plist */,
			);
			name = "Supporting Files";
			sourceTree = "<group>";
		};
/* End PBXGroup section */

/* Begin PBXNativeTarget section */
		EF237B841AEEE621006E16C0 /* oddEven */ = {
			isa = PBXNativeTarget;
			buildConfigurationList = EF237BA41AEEE622006E16C0 /* Build configuration list for PBXNativeTarget "oddEven" */;
			buildPhases = (
				EF237B811AEEE621006E16C0 /* Sources */,
				EF237B821AEEE621006E16C0 /* Frameworks */,
				EF237B831AEEE621006E16C0 /* Resources */,
			);
			buildRules = (
			);
			dependencies = (
			);
			name = oddEven;
			productName = oddEven;
			productReference = EF237B851AEEE621006E16C0 /* oddEven.app */;
			productType = "com.apple.product-type.application";
		};
		EF237B991AEEE622006E16C0 /* oddEvenTests */ = {
			isa = PBXNativeTarget;
			buildConfigurationList = EF237BA71AEEE622006E16C0 /* Build configuration list for PBXNativeTarget "oddEvenTests" */;
			buildPhases = (
				EF237B961AEEE622006E16C0 /* Sources */,
				EF237B971AEEE622006E16C0 /* Frameworks */,
				EF237B981AEEE622006E16C0 /* Resources */,
			);
			buildRules = (
			);
			dependencies = (
				EF237B9C1AEEE622006E16C0 /* PBXTargetDependency */,
			);
			name = oddEvenTests;
			productName = oddEvenTests;
			productReference = EF237B9A1AEEE622006E16C0 /* oddEvenTests.xctest */;
			productType = "com.apple.product-type.bundle.unit-test";
		};
/* End PBXNativeTarget section */

/* Begin PBXProject section */
		EF237B7D1AEEE621006E16C0 /* Project object */ = {
			isa = PBXProject;
			attributes = {
				LastUpgradeCheck = 0610;
				ORGANIZATIONNAME = MinaretsITDept;
				TargetAttributes = {
					EF237B841AEEE621006E16C0 = {
						CreatedOnToolsVersion = 6.1.1;
					};
					EF237B991AEEE622006E16C0 = {
						CreatedOnToolsVersion = 6.1.1;
						TestTargetID = EF237B841AEEE621006E16C0;
					};
				};
			};
			buildConfigurationList = EF237B801AEEE621006E16C0 /* Build configuration list for PBXProject "oddEven" */;
			compatibilityVersion = "Xcode 3.2";
			developmentRegion = English;
			hasScannedForEncodings = 0;
			knownRegions = (
				en,
				Base,
			);
			mainGroup = EF237B7C1AEEE621006E16C0;
			productRefGroup = EF237B861AEEE621006E16C0 /* Products */;
			projectDirPath = "";
			projectRoot = "";
			targets = (
				EF237B841AEEE621006E16C0 /* oddEven */,
				EF237B991AEEE622006E16C0 /* oddEvenTests */,
			);
		};
/* End PBXProject section */

/* Begin PBXResourcesBuildPhase section */
		EF237B831AEEE621006E16C0 /* Resources */ = {
			isa = PBXResourcesBuildPhase;
			buildActionMask = 2147483647;
			files = (
				EF237B901AEEE621006E16C0 /* Main.storyboard in Resources */,
				EF237B951AEEE622006E16C0 /* LaunchScreen.xib in Resources */,
				EF237B921AEEE622006E16C0 /* Images.xcassets in Resources */,
			);
			runOnlyForDeploymentPostprocessing = 0;
		};
		EF237B981AEEE622006E16C0 /* Resources */ = {
			isa = PBXResourcesBuildPhase;
			buildActionMask = 2147483647;
			files = (
			);
			runOnlyForDeploymentPostprocessing = 0;
		};
/* End PBXResourcesBuildPhase section */

/* Begin PBXSourcesBuildPhase section */
		EF237B811AEEE621006E16C0 /* Sources */ = {
			isa = PBXSourcesBuildPhase;
			buildActionMask = 2147483647;
			files = (
				EF237BAD1AEFEBED006E16C0 /* evenViewController.swift in Sources */,
				EF237BAB1AEFEBE2006E16C0 /* oddViewController.swift in Sources */,
				EFA38F6A1B068E5700C3EBEB /* aboutViewController.swift in Sources */,
				EF237BAF1AEFEBF6006E16C0 /* notViewController.swift in Sources */,
				EF237B8D1AEEE621006E16C0 /* ViewController.swift in Sources */,
				EF237B8B1AEEE621006E16C0 /* AppDelegate.swift in Sources */,
			);
			runOnlyForDeploymentPostprocessing = 0;
		};
		EF237B961AEEE622006E16C0 /* Sources */ = {
			isa = PBXSourcesBuildPhase;
			buildActionMask = 2147483647;
			files = (
				EF237BA11AEEE622006E16C0 /* oddEvenTests.swift in Sources */,
			);
			runOnlyForDeploymentPostprocessing = 0;
		};
/* End PBXSourcesBuildPhase section */

/* Begin PBXTargetDependency section */
		EF237B9C1AEEE622006E16C0 /* PBXTargetDependency */ = {
			isa = PBXTargetDependency;
			target = EF237B841AEEE621006E16C0 /* oddEven */;
			targetProxy = EF237B9B1AEEE622006E16C0 /* PBXContainerItemProxy */;
		};
/* End PBXTargetDependency section */

/* Begin PBXVariantGroup section */
		EF237B8E1AEEE621006E16C0 /* Main.storyboard */ = {
			isa = PBXVariantGroup;
			children = (
				EF237B8F1AEEE621006E16C0 /* Base */,
			);
			name = Main.storyboard;
			sourceTree = "<group>";
		};
		EF237B931AEEE622006E16C0 /* LaunchScreen.xib */ = {
			isa = PBXVariantGroup;
			children = (
				EF237B941AEEE622006E16C0 /* Base */,
			);
			name = LaunchScreen.xib;
			sourceTree = "<group>";
		};
/* End PBXVariantGroup section */

/* Begin XCBuildConfiguration section */
		EF237BA21AEEE622006E16C0 /* Debug */ = {
			isa = XCBuildConfiguration;
			buildSettings = {
				ALWAYS_SEARCH_USER_PATHS = NO;
				CLANG_CXX_LANGUAGE_STANDARD = "gnu++0x";
				CLANG_CXX_LIBRARY = "libc++";
				CLANG_ENABLE_MODULES = YES;
				CLANG_ENABLE_OBJC_ARC = YES;
				CLANG_WARN_BOOL_CONVERSION = YES;
				CLANG_WARN_CONSTANT_CONVERSION = YES;
				CLANG_WARN_DIRECT_OBJC_ISA_USAGE = YES_ERROR;
				CLANG_WARN_EMPTY_BODY = YES;
				CLANG_WARN_ENUM_CONVERSION = YES;
				CLANG_WARN_INT_CONVERSION = YES;
				CLANG_WARN_OBJC_ROOT_CLASS = YES_ERROR;
				CLANG_WARN_UNREACHABLE_CODE = YES;
				CLANG_WARN__DUPLICATE_METHOD_MATCH = YES;
				"CODE_SIGN_IDENTITY[sdk=iphoneos*]" = "iPhone Developer";
				COPY_PHASE_STRIP = NO;
				ENABLE_STRICT_OBJC_MSGSEND = YES;
				GCC_C_LANGUAGE_STANDARD = gnu99;
				GCC_DYNAMIC_NO_PIC = NO;
				GCC_OPTIMIZATION_LEVEL = 0;
				GCC_PREPROCESSOR_DEFINITIONS = (
					"DEBUG=1",
					"$(inherited)",
				);
				GCC_SYMBOLS_PRIVATE_EXTERN = NO;
				GCC_WARN_64_TO_32_BIT_CONVERSION = YES;
				GCC_WARN_ABOUT_RETURN_TYPE = YES_ERROR;
				GCC_WARN_UNDECLARED_SELECTOR = YES;
				GCC_WARN_UNINITIALIZED_AUTOS = YES_AGGRESSIVE;
				GCC_WARN_UNUSED_FUNCTION = YES;
				GCC_WARN_UNUSED_VARIABLE = YES;
				IPHONEOS_DEPLOYMENT_TARGET = 8.1;
				MTL_ENABLE_DEBUG_INFO = YES;
				ONLY_ACTIVE_ARCH = YES;
				SDKROOT = iphoneos;
				SWIFT_OPTIMIZATION_LEVEL = "-Onone";
				TARGETED_DEVICE_FAMILY = 2;
			};
			name = Debug;
		};
		EF237BA31AEEE622006E16C0 /* Release */ = {
			isa = XCBuildConfiguration;
			buildSettings = {
				ALWAYS_SEARCH_USER_PATHS = NO;
				CLANG_CXX_LANGUAGE_STANDARD = "gnu++0x";
				CLANG_CXX_LIBRARY = "libc++";
				CLANG_ENABLE_MODULES = YES;
				CLANG_ENABLE_OBJC_ARC = YES;
				CLANG_WARN_BOOL_CONVERSION = YES;
				CLANG_WARN_CONSTANT_CONVERSION = YES;
				CLANG_WARN_DIRECT_OBJC_ISA_USAGE = YES_ERROR;
				CLANG_WARN_EMPTY_BODY = YES;
				CLANG_WARN_ENUM_CONVERSION = YES;
				CLANG_WARN_INT_CONVERSION = YES;
				CLANG_WARN_OBJC_ROOT_CLASS = YES_ERROR;
				CLANG_WARN_UNREACHABLE_CODE = YES;
				CLANG_WARN__DUPLICATE_METHOD_MATCH = YES;
				"CODE_SIGN_IDENTITY[sdk=iphoneos*]" = "iPhone Developer";
				COPY_PHASE_STRIP = YES;
				ENABLE_NS_ASSERTIONS = NO;
				ENABLE_STRICT_OBJC_MSGSEND = YES;
				GCC_C_LANGUAGE_STANDARD = gnu99;
				GCC_WARN_64_TO_32_BIT_CONVERSION = YES;
				GCC_WARN_ABOUT_RETURN_TYPE = YES_ERROR;
				GCC_WARN_UNDECLARED_SELECTOR = YES;
				GCC_WARN_UNINITIALIZED_AUTOS = YES_AGGRESSIVE;
				GCC_WARN_UNUSED_FUNCTION = YES;
				GCC_WARN_UNUSED_VARIABLE = YES;
				IPHONEOS_DEPLOYMENT_TARGET = 8.1;
				MTL_ENABLE_DEBUG_INFO = NO;
				SDKROOT = iphoneos;
				TARGETED_DEVICE_FAMILY = 2;
				VALIDATE_PRODUCT = YES;
			};
			name = Release;
		};
		EF237BA51AEEE622006E16C0 /* Debug */ = {
			isa = XCBuildConfiguration;
			buildSettings = {
				ASSETCATALOG_COMPILER_APPICON_NAME = AppIcon;
				INFOPLIST_FILE = oddEven/Info.plist;
				LD_RUNPATH_SEARCH_PATHS = "$(inherited) @executable_path/Frameworks";
				PRODUCT_NAME = "$(TARGET_NAME)";
			};
			name = Debug;
		};
		EF237BA61AEEE622006E16C0 /* Release */ = {
			isa = XCBuildConfiguration;
			buildSettings = {
				ASSETCATALOG_COMPILER_APPICON_NAME = AppIcon;
				INFOPLIST_FILE = oddEven/Info.plist;
				LD_RUNPATH_SEARCH_PATHS = "$(inherited) @executable_path/Frameworks";
				PRODUCT_NAME = "$(TARGET_NAME)";
			};
			name = Release;
		};
		EF237BA81AEEE622006E16C0 /* Debug */ = {
			isa = XCBuildConfiguration;
			buildSettings = {
				BUNDLE_LOADER = "$(TEST_HOST)";
				FRAMEWORK_SEARCH_PATHS = (
					"$(SDKROOT)/Developer/Library/Frameworks",
					"$(inherited)",
				);
				GCC_PREPROCESSOR_DEFINITIONS = (
					"DEBUG=1",
					"$(inherited)",
				);
				INFOPLIST_FILE = oddEvenTests/Info.plist;
				LD_RUNPATH_SEARCH_PATHS = "$(inherited) @executable_path/Frameworks @loader_path/Frameworks";
				PRODUCT_NAME = "$(TARGET_NAME)";
				TEST_HOST = "$(BUILT_PRODUCTS_DIR)/oddEven.app/oddEven";
			};
			name = Debug;
		};
		EF237BA91AEEE622006E16C0 /* Release */ = {
			isa = XCBuildConfiguration;
			buildSettings = {
				BUNDLE_LOADER = "$(TEST_HOST)";
				FRAMEWORK_SEARCH_PATHS = (
					"$(SDKROOT)/Developer/Library/Frameworks",
					"$(inherited)",
				);
				INFOPLIST_FILE = oddEvenTests/Info.plist;
				LD_RUNPATH_SEARCH_PATHS = "$(inherited) @executable_path/Frameworks @loader_path/Frameworks";
				PRODUCT_NAME = "$(TARGET_NAME)";
				TEST_HOST = "$(BUILT_PRODUCTS_DIR)/oddEven.app/oddEven";
			};
			name = Release;
		};
/* End XCBuildConfiguration section */

/* Begin XCConfigurationList section */
		EF237B801AEEE621006E16C0 /* Build configuration list for PBXProject "oddEven" */ = {
			isa = XCConfigurationList;
			buildConfigurations = (
				EF237BA21AEEE622006E16C0 /* Debug */,
				EF237BA31AEEE622006E16C0 /* Release */,
			);
			defaultConfigurationIsVisible = 0;
			defaultConfigurationName = Release;
		};
		EF237BA41AEEE622006E16C0 /* Build configuration list for PBXNativeTarget "oddEven" */ = {
			isa = XCConfigurationList;
			buildConfigurations = (
				EF237BA51AEEE622006E16C0 /* Debug */,
				EF237BA61AEEE622006E16C0 /* Release */,
			);
			defaultConfigurationIsVisible = 0;
			defaultConfigurationName = Release;
		};
		EF237BA71AEEE622006E16C0 /* Build configuration list for PBXNativeTarget "oddEvenTests" */ = {
			isa = XCConfigurationList;
			buildConfigurations = (
				EF237BA81AEEE622006E16C0 /* Debug */,
				EF237BA91AEEE622006E16C0 /* Release */,
			);
			defaultConfigurationIsVisible = 0;
			defaultConfigurationName = Release;
		};
/* End XCConfigurationList section */
	};
	rootObject = EF237B7D1AEEE621006E16C0 /* Project object */;
}
